
Microsoft Visual Studio Solution File, Format Version 12.00
# Visual Studio Version 17
VisualStudioVersion = 17.3.32922.545
MinimumVisualStudioVersion = 10.0.40219.1
Project("{FAE04EC0-301F-11D3-BF4B-00C04F79EFBC}") = "FilmesAPI", "FilmesAPI\FilmesAPI.csproj", "{BB2D0AEB-1744-471B-B764-EEBC1B6A8DD1}"
EndProject
Global
	GlobalSection(SolutionConfigurationPlatforms) = preSolution
		Debug|Any CPU = Debug|Any CPU
		Release|Any CPU = Release|Any CPU
	EndGlobalSection
	GlobalSection(ProjectConfigurationPlatforms) = postSolution
		{BB2D0AEB-1744-471B-B764-EEBC1B6A8DD1}.Debug|Any CPU.ActiveCfg = Debug|Any CPU
		{BB2D0AEB-1744-471B-B764-EEBC1B6A8DD1}.Debug|Any CPU.Build.0 = Debug|Any CPU
		{BB2D0AEB-1744-471B-B764-EEBC1B6A8DD1}.Release|Any CPU.ActiveCfg = Release|Any CPU
		{BB2D0AEB-1744-471B-B764-EEBC1B6A8DD1}.Release|Any CPU.Build.0 = Release|Any CPU
	EndGlobalSection
	GlobalSection(SolutionProperties) = preSolution
		HideSolutionNode = FALSE
	EndGlobalSection
	GlobalSection(ExtensibilityGlobals) = postSolution
		SolutionGuid = {BA68E608-AEB8-4433-BA91-A644670FC133}
	EndGlobalSection
EndGlobal
